// !$*UTF8*$!
{
	archiveVersion = 1;
	classes = {
	};
	objectVersion = 52;
	objects = {

/* Begin PBXBuildFile section */
		FD4EBB2B245C6BCF001B3A96 /* ModelView2.swift in Sources */ = {isa = PBXBuildFile; fileRef = FD4EBB2A245C6BCF001B3A96 /* ModelView2.swift */; };
		FD4EBB2D245C6C00001B3A96 /* Model2.swift in Sources */ = {isa = PBXBuildFile; fileRef = FD4EBB2C245C6C00001B3A96 /* Model2.swift */; };
		FD4EBB32245C71AD001B3A96 /* RxDataSources in Frameworks */ = {isa = PBXBuildFile; productRef = FD4EBB31245C71AD001B3A96 /* RxDataSources */; };
		FD4EBB35245CA202001B3A96 /* DataSourceDecemalModelSection.swift in Sources */ = {isa = PBXBuildFile; fileRef = FD4EBB34245CA202001B3A96 /* DataSourceDecemalModelSection.swift */; };
		FD4EBB38245CA331001B3A96 /* ModelTableViewModel2.swift in Sources */ = {isa = PBXBuildFile; fileRef = FD4EBB37245CA331001B3A96 /* ModelTableViewModel2.swift */; };
		FD4EBB3F245D7911001B3A96 /* Protocols.swift in Sources */ = {isa = PBXBuildFile; fileRef = FD4EBB3E245D7911001B3A96 /* Protocols.swift */; };
		FD7BE11B2459541800A84D97 /* Extensions.swift in Sources */ = {isa = PBXBuildFile; fileRef = FD7BE11A2459541800A84D97 /* Extensions.swift */; };
		FD7BE11D245958A700A84D97 /* AppCoordinatorObserving.swift in Sources */ = {isa = PBXBuildFile; fileRef = FD7BE11C245958A700A84D97 /* AppCoordinatorObserving.swift */; };
		FD7BE11F2459595000A84D97 /* Coordinator1.swift in Sources */ = {isa = PBXBuildFile; fileRef = FD7BE11E2459595000A84D97 /* Coordinator1.swift */; };
		FD7BE1222459601300A84D97 /* Coordinator11.swift in Sources */ = {isa = PBXBuildFile; fileRef = FD7BE1212459601300A84D97 /* Coordinator11.swift */; };
		FD7BE1242459663D00A84D97 /* ModelView1.swift in Sources */ = {isa = PBXBuildFile; fileRef = FD7BE1232459663D00A84D97 /* ModelView1.swift */; };
		FD7E324824577AFA0006BFCA /* AppDelegate.swift in Sources */ = {isa = PBXBuildFile; fileRef = FD7E324724577AFA0006BFCA /* AppDelegate.swift */; };
		FD7E324A24577AFA0006BFCA /* SceneDelegate.swift in Sources */ = {isa = PBXBuildFile; fileRef = FD7E324924577AFA0006BFCA /* SceneDelegate.swift */; };
		FD7E324C24577AFA0006BFCA /* ViewController.swift in Sources */ = {isa = PBXBuildFile; fileRef = FD7E324B24577AFA0006BFCA /* ViewController.swift */; };
		FD7E324F24577AFA0006BFCA /* Main.storyboard in Resources */ = {isa = PBXBuildFile; fileRef = FD7E324D24577AFA0006BFCA /* Main.storyboard */; };
		FD7E325124577B160006BFCA /* Assets.xcassets in Resources */ = {isa = PBXBuildFile; fileRef = FD7E325024577B160006BFCA /* Assets.xcassets */; };
		FD7E325424577B160006BFCA /* LaunchScreen.storyboard in Resources */ = {isa = PBXBuildFile; fileRef = FD7E325224577B160006BFCA /* LaunchScreen.storyboard */; };
		FD7E325F24577E660006BFCA /* RxSwift in Frameworks */ = {isa = PBXBuildFile; productRef = FD7E325E24577E660006BFCA /* RxSwift */; };
		FD7E326324577E660006BFCA /* RxRelay in Frameworks */ = {isa = PBXBuildFile; productRef = FD7E326224577E660006BFCA /* RxRelay */; };
		FD7E326524577E660006BFCA /* RxCocoa in Frameworks */ = {isa = PBXBuildFile; productRef = FD7E326424577E660006BFCA /* RxCocoa */; };
		FD7E326724577E660006BFCA /* RxBlocking in Frameworks */ = {isa = PBXBuildFile; productRef = FD7E326624577E660006BFCA /* RxBlocking */; };
		FD98039D245C135800597C44 /* Coordinator2.swift in Sources */ = {isa = PBXBuildFile; fileRef = FD98039C245C135800597C44 /* Coordinator2.swift */; };
		FD98039F245C14F500597C44 /* Coordinator21.swift in Sources */ = {isa = PBXBuildFile; fileRef = FD98039E245C14F500597C44 /* Coordinator21.swift */; };
		FD992EEF24580F59000B8790 /* Model1.swift in Sources */ = {isa = PBXBuildFile; fileRef = FD992EEE24580F59000B8790 /* Model1.swift */; };
		FD992EF124583D91000B8790 /* View_ViewController.swift in Sources */ = {isa = PBXBuildFile; fileRef = FD992EF024583D91000B8790 /* View_ViewController.swift */; };
/* End PBXBuildFile section */

/* Begin PBXFileReference section */
		FD4EBB2A245C6BCF001B3A96 /* ModelView2.swift */ = {isa = PBXFileReference; lastKnownFileType = sourcecode.swift; path = ModelView2.swift; sourceTree = "<group>"; };
		FD4EBB2C245C6C00001B3A96 /* Model2.swift */ = {isa = PBXFileReference; lastKnownFileType = sourcecode.swift; path = Model2.swift; sourceTree = "<group>"; };
		FD4EBB34245CA202001B3A96 /* DataSourceDecemalModelSection.swift */ = {isa = PBXFileReference; lastKnownFileType = sourcecode.swift; path = DataSourceDecemalModelSection.swift; sourceTree = "<group>"; };
		FD4EBB37245CA331001B3A96 /* ModelTableViewModel2.swift */ = {isa = PBXFileReference; lastKnownFileType = sourcecode.swift; path = ModelTableViewModel2.swift; sourceTree = "<group>"; };
		FD4EBB3E245D7911001B3A96 /* Protocols.swift */ = {isa = PBXFileReference; lastKnownFileType = sourcecode.swift; path = Protocols.swift; sourceTree = "<group>"; };
		FD7BE11A2459541800A84D97 /* Extensions.swift */ = {isa = PBXFileReference; lastKnownFileType = sourcecode.swift; path = Extensions.swift; sourceTree = "<group>"; };
		FD7BE11C245958A700A84D97 /* AppCoordinatorObserving.swift */ = {isa = PBXFileReference; lastKnownFileType = sourcecode.swift; path = AppCoordinatorObserving.swift; sourceTree = "<group>"; };
		FD7BE11E2459595000A84D97 /* Coordinator1.swift */ = {isa = PBXFileReference; lastKnownFileType = sourcecode.swift; path = Coordinator1.swift; sourceTree = "<group>"; };
		FD7BE1212459601300A84D97 /* Coordinator11.swift */ = {isa = PBXFileReference; lastKnownFileType = sourcecode.swift; path = Coordinator11.swift; sourceTree = "<group>"; };
		FD7BE1232459663D00A84D97 /* ModelView1.swift */ = {isa = PBXFileReference; lastKnownFileType = sourcecode.swift; path = ModelView1.swift; sourceTree = "<group>"; };
		FD7E324424577AFA0006BFCA /* RxSwiftCoordinator.app */ = {isa = PBXFileReference; explicitFileType = wrapper.application; includeInIndex = 0; path = RxSwiftCoordinator.app; sourceTree = BUILT_PRODUCTS_DIR; };
		FD7E324724577AFA0006BFCA /* AppDelegate.swift */ = {isa = PBXFileReference; lastKnownFileType = sourcecode.swift; path = AppDelegate.swift; sourceTree = "<group>"; };
		FD7E324924577AFA0006BFCA /* SceneDelegate.swift */ = {isa = PBXFileReference; lastKnownFileType = sourcecode.swift; path = SceneDelegate.swift; sourceTree = "<group>"; };
		FD7E324B24577AFA0006BFCA /* ViewController.swift */ = {isa = PBXFileReference; lastKnownFileType = sourcecode.swift; path = ViewController.swift; sourceTree = "<group>"; };
		FD7E324E24577AFA0006BFCA /* Base */ = {isa = PBXFileReference; lastKnownFileType = file.storyboard; name = Base; path = Base.lproj/Main.storyboard; sourceTree = "<group>"; };
		FD7E325024577B160006BFCA /* Assets.xcassets */ = {isa = PBXFileReference; lastKnownFileType = folder.assetcatalog; path = Assets.xcassets; sourceTree = "<group>"; };
		FD7E325324577B160006BFCA /* Base */ = {isa = PBXFileReference; lastKnownFileType = file.storyboard; name = Base; path = Base.lproj/LaunchScreen.storyboard; sourceTree = "<group>"; };
		FD7E325524577B160006BFCA /* Info.plist */ = {isa = PBXFileReference; lastKnownFileType = text.plist.xml; path = Info.plist; sourceTree = "<group>"; };
		FD98039C245C135800597C44 /* Coordinator2.swift */ = {isa = PBXFileReference; lastKnownFileType = sourcecode.swift; path = Coordinator2.swift; sourceTree = "<group>"; };
		FD98039E245C14F500597C44 /* Coordinator21.swift */ = {isa = PBXFileReference; lastKnownFileType = sourcecode.swift; path = Coordinator21.swift; sourceTree = "<group>"; };
		FD992EEE24580F59000B8790 /* Model1.swift */ = {isa = PBXFileReference; lastKnownFileType = sourcecode.swift; path = Model1.swift; sourceTree = "<group>"; };
		FD992EF024583D91000B8790 /* View_ViewController.swift */ = {isa = PBXFileReference; lastKnownFileType = sourcecode.swift; path = View_ViewController.swift; sourceTree = "<group>"; };
/* End PBXFileReference section */

/* Begin PBXFrameworksBuildPhase section */
		FD7E324124577AFA0006BFCA /* Frameworks */ = {
			isa = PBXFrameworksBuildPhase;
			buildActionMask = 2147483647;
			files = (
				FD7E326324577E660006BFCA /* RxRelay in Frameworks */,
				FD7E326524577E660006BFCA /* RxCocoa in Frameworks */,
				FD7E325F24577E660006BFCA /* RxSwift in Frameworks */,
				FD4EBB32245C71AD001B3A96 /* RxDataSources in Frameworks */,
				FD7E326724577E660006BFCA /* RxBlocking in Frameworks */,
			);
			runOnlyForDeploymentPostprocessing = 0;
		};
/* End PBXFrameworksBuildPhase section */

/* Begin PBXGroup section */
		FD4EBB2E245C6D5E001B3A96 /* Models */ = {
			isa = PBXGroup;
			children = (
				FD4EBB33245CA192001B3A96 /* Model2 */,
				FD992EEE24580F59000B8790 /* Model1.swift */,
			);
			name = Models;
			sourceTree = "<group>";
		};
		FD4EBB2F245C6D7C001B3A96 /* ViewModels */ = {
			isa = PBXGroup;
			children = (
				FD7BE1232459663D00A84D97 /* ModelView1.swift */,
				FD4EBB36245CA295001B3A96 /* ModelView2 */,
			);
			name = ViewModels;
			sourceTree = "<group>";
		};
		FD4EBB33245CA192001B3A96 /* Model2 */ = {
			isa = PBXGroup;
			children = (
				FD4EBB2C245C6C00001B3A96 /* Model2.swift */,
				FD4EBB34245CA202001B3A96 /* DataSourceDecemalModelSection.swift */,
			);
			name = Model2;
			sourceTree = "<group>";
		};
		FD4EBB36245CA295001B3A96 /* ModelView2 */ = {
			isa = PBXGroup;
			children = (
				FD4EBB2A245C6BCF001B3A96 /* ModelView2.swift */,
				FD4EBB37245CA331001B3A96 /* ModelTableViewModel2.swift */,
			);
			name = ModelView2;
			sourceTree = "<group>";
		};
		FD4EBB3B245D7873001B3A96 /* View */ = {
			isa = PBXGroup;
			children = (
				FD992EF024583D91000B8790 /* View_ViewController.swift */,
			);
			name = View;
			sourceTree = "<group>";
		};
		FD7BE1202459598900A84D97 /* Coordinators */ = {
			isa = PBXGroup;
			children = (
				FD7BE11C245958A700A84D97 /* AppCoordinatorObserving.swift */,
				FD7BE11E2459595000A84D97 /* Coordinator1.swift */,
				FD7BE1212459601300A84D97 /* Coordinator11.swift */,
				FD98039C245C135800597C44 /* Coordinator2.swift */,
				FD98039E245C14F500597C44 /* Coordinator21.swift */,
			);
			name = Coordinators;
			sourceTree = "<group>";
		};
		FD7BE12624598C8F00A84D97 /* Source */ = {
			isa = PBXGroup;
			children = (
				FD7E325024577B160006BFCA /* Assets.xcassets */,
				FD7E325224577B160006BFCA /* LaunchScreen.storyboard */,
				FD7E324D24577AFA0006BFCA /* Main.storyboard */,
				FD7E324724577AFA0006BFCA /* AppDelegate.swift */,
				FD7E324924577AFA0006BFCA /* SceneDelegate.swift */,
				FD7E324B24577AFA0006BFCA /* ViewController.swift */,
				FD7BE11A2459541800A84D97 /* Extensions.swift */,
				FD4EBB3E245D7911001B3A96 /* Protocols.swift */,
			);
			path = Source;
			sourceTree = "<group>";
		};
		FD7E323B24577AFA0006BFCA = {
			isa = PBXGroup;
			children = (
				FD7E324624577AFA0006BFCA /* RxSwiftCoordinator */,
				FD7E324524577AFA0006BFCA /* Products */,
			);
			sourceTree = "<group>";
		};
		FD7E324524577AFA0006BFCA /* Products */ = {
			isa = PBXGroup;
			children = (
				FD7E324424577AFA0006BFCA /* RxSwiftCoordinator.app */,
			);
			name = Products;
			sourceTree = "<group>";
		};
		FD7E324624577AFA0006BFCA /* RxSwiftCoordinator */ = {
			isa = PBXGroup;
			children = (
				FD7E325524577B160006BFCA /* Info.plist */,
				FD7BE12624598C8F00A84D97 /* Source */,
				FD7BE1202459598900A84D97 /* Coordinators */,
				FD4EBB3B245D7873001B3A96 /* View */,
				FD4EBB2F245C6D7C001B3A96 /* ViewModels */,
				FD4EBB2E245C6D5E001B3A96 /* Models */,
			);
			path = RxSwiftCoordinator;
			sourceTree = "<group>";
		};
/* End PBXGroup section */

/* Begin PBXNativeTarget section */
		FD7E324324577AFA0006BFCA /* RxSwiftCoordinator */ = {
			isa = PBXNativeTarget;
			buildConfigurationList = FD7E325824577B160006BFCA /* Build configuration list for PBXNativeTarget "RxSwiftCoordinator" */;
			buildPhases = (
				FD7E324024577AFA0006BFCA /* Sources */,
				FD7E324124577AFA0006BFCA /* Frameworks */,
				FD7E324224577AFA0006BFCA /* Resources */,
			);
			buildRules = (
			);
			dependencies = (
			);
			name = RxSwiftCoordinator;
			packageProductDependencies = (
				FD7E325E24577E660006BFCA /* RxSwift */,
				FD7E326224577E660006BFCA /* RxRelay */,
				FD7E326424577E660006BFCA /* RxCocoa */,
				FD7E326624577E660006BFCA /* RxBlocking */,
				FD4EBB31245C71AD001B3A96 /* RxDataSources */,
			);
			productName = RxSwiftCoordinator;
			productReference = FD7E324424577AFA0006BFCA /* RxSwiftCoordinator.app */;
			productType = "com.apple.product-type.application";
		};
/* End PBXNativeTarget section */

/* Begin PBXProject section */
		FD7E323C24577AFA0006BFCA /* Project object */ = {
			isa = PBXProject;
			attributes = {
				LastSwiftUpdateCheck = 1130;
				LastUpgradeCheck = 1130;
				ORGANIZATIONNAME = AnatolyRyavkin;
				TargetAttributes = {
					FD7E324324577AFA0006BFCA = {
						CreatedOnToolsVersion = 11.3.1;
					};
				};
			};
			buildConfigurationList = FD7E323F24577AFA0006BFCA /* Build configuration list for PBXProject "RxSwiftCoordinator" */;
			compatibilityVersion = "Xcode 9.3";
			developmentRegion = en;
			hasScannedForEncodings = 0;
			knownRegions = (
				en,
				Base,
			);
			mainGroup = FD7E323B24577AFA0006BFCA;
			packageReferences = (
				FD7E325D24577E660006BFCA /* XCRemoteSwiftPackageReference "RxSwift" */,
				FD4EBB30245C71AD001B3A96 /* XCRemoteSwiftPackageReference "RxDataSources" */,
			);
			productRefGroup = FD7E324524577AFA0006BFCA /* Products */;
			projectDirPath = "";
			projectRoot = "";
			targets = (
				FD7E324324577AFA0006BFCA /* RxSwiftCoordinator */,
			);
		};
/* End PBXProject section */

/* Begin PBXResourcesBuildPhase section */
		FD7E324224577AFA0006BFCA /* Resources */ = {
			isa = PBXResourcesBuildPhase;
			buildActionMask = 2147483647;
			files = (
				FD7E325424577B160006BFCA /* LaunchScreen.storyboard in Resources */,
				FD7E325124577B160006BFCA /* Assets.xcassets in Resources */,
				FD7E324F24577AFA0006BFCA /* Main.storyboard in Resources */,
			);
			runOnlyForDeploymentPostprocessing = 0;
		};
/* End PBXResourcesBuildPhase section */

/* Begin PBXSourcesBuildPhase section */
		FD7E324024577AFA0006BFCA /* Sources */ = {
			isa = PBXSourcesBuildPhase;
			buildActionMask = 2147483647;
			files = (
				FD7BE11F2459595000A84D97 /* Coordinator1.swift in Sources */,
				FD992EEF24580F59000B8790 /* Model1.swift in Sources */,
				FD98039F245C14F500597C44 /* Coordinator21.swift in Sources */,
				FD7BE11B2459541800A84D97 /* Extensions.swift in Sources */,
				FD7BE1242459663D00A84D97 /* ModelView1.swift in Sources */,
				FD7BE1222459601300A84D97 /* Coordinator11.swift in Sources */,
				FD7BE11D245958A700A84D97 /* AppCoordinatorObserving.swift in Sources */,
				FD98039D245C135800597C44 /* Coordinator2.swift in Sources */,
				FD4EBB3F245D7911001B3A96 /* Protocols.swift in Sources */,
				FD4EBB2B245C6BCF001B3A96 /* ModelView2.swift in Sources */,
				FD992EF124583D91000B8790 /* View_ViewController.swift in Sources */,
				FD4EBB2D245C6C00001B3A96 /* Model2.swift in Sources */,
				FD7E324C24577AFA0006BFCA /* ViewController.swift in Sources */,
				FD4EBB38245CA331001B3A96 /* ModelTableViewModel2.swift in Sources */,
				FD7E324824577AFA0006BFCA /* AppDelegate.swift in Sources */,
				FD4EBB35245CA202001B3A96 /* DataSourceDecemalModelSection.swift in Sources */,
				FD7E324A24577AFA0006BFCA /* SceneDelegate.swift in Sources */,
			);
			runOnlyForDeploymentPostprocessing = 0;
		};
/* End PBXSourcesBuildPhase section */

/* Begin PBXVariantGroup section */
		FD7E324D24577AFA0006BFCA /* Main.storyboard */ = {
			isa = PBXVariantGroup;
			children = (
				FD7E324E24577AFA0006BFCA /* Base */,
			);
			name = Main.storyboard;
			sourceTree = "<group>";
		};
		FD7E325224577B160006BFCA /* LaunchScreen.storyboard */ = {
			isa = PBXVariantGroup;
			children = (
				FD7E325324577B160006BFCA /* Base */,
			);
			name = LaunchScreen.storyboard;
			sourceTree = "<group>";
		};
/* End PBXVariantGroup section */

/* Begin XCBuildConfiguration section */
		FD7E325624577B160006BFCA /* Debug */ = {
			isa = XCBuildConfiguration;
			buildSettings = {
				ALWAYS_SEARCH_USER_PATHS = NO;
				CLANG_ANALYZER_NONNULL = YES;
				CLANG_ANALYZER_NUMBER_OBJECT_CONVERSION = YES_AGGRESSIVE;
				CLANG_CXX_LANGUAGE_STANDARD = "gnu++14";
				CLANG_CXX_LIBRARY = "libc++";
				CLANG_ENABLE_MODULES = YES;
				CLANG_ENABLE_OBJC_ARC = YES;
				CLANG_ENABLE_OBJC_WEAK = YES;
				CLANG_WARN_BLOCK_CAPTURE_AUTORELEASING = YES;
				CLANG_WARN_BOOL_CONVERSION = YES;
				CLANG_WARN_COMMA = YES;
				CLANG_WARN_CONSTANT_CONVERSION = YES;
				CLANG_WARN_DEPRECATED_OBJC_IMPLEMENTATIONS = YES;
				CLANG_WARN_DIRECT_OBJC_ISA_USAGE = YES_ERROR;
				CLANG_WARN_DOCUMENTATION_COMMENTS = YES;
				CLANG_WARN_EMPTY_BODY = YES;
				CLANG_WARN_ENUM_CONVERSION = YES;
				CLANG_WARN_INFINITE_RECURSION = YES;
				CLANG_WARN_INT_CONVERSION = YES;
				CLANG_WARN_NON_LITERAL_NULL_CONVERSION = YES;
				CLANG_WARN_OBJC_IMPLICIT_RETAIN_SELF = YES;
				CLANG_WARN_OBJC_LITERAL_CONVERSION = YES;
				CLANG_WARN_OBJC_ROOT_CLASS = YES_ERROR;
				CLANG_WARN_RANGE_LOOP_ANALYSIS = YES;
				CLANG_WARN_STRICT_PROTOTYPES = YES;
				CLANG_WARN_SUSPICIOUS_MOVE = YES;
				CLANG_WARN_UNGUARDED_AVAILABILITY = YES_AGGRESSIVE;
				CLANG_WARN_UNREACHABLE_CODE = YES;
				CLANG_WARN__DUPLICATE_METHOD_MATCH = YES;
				COPY_PHASE_STRIP = NO;
				DEBUG_INFORMATION_FORMAT = dwarf;
				ENABLE_STRICT_OBJC_MSGSEND = YES;
				ENABLE_TESTABILITY = YES;
				GCC_C_LANGUAGE_STANDARD = gnu11;
				GCC_DYNAMIC_NO_PIC = NO;
				GCC_NO_COMMON_BLOCKS = YES;
				GCC_OPTIMIZATION_LEVEL = 0;
				GCC_PREPROCESSOR_DEFINITIONS = (
					"DEBUG=1",
					"$(inherited)",
				);
				GCC_WARN_64_TO_32_BIT_CONVERSION = YES;
				GCC_WARN_ABOUT_RETURN_TYPE = YES_ERROR;
				GCC_WARN_UNDECLARED_SELECTOR = YES;
				GCC_WARN_UNINITIALIZED_AUTOS = YES_AGGRESSIVE;
				GCC_WARN_UNUSED_FUNCTION = YES;
				GCC_WARN_UNUSED_VARIABLE = YES;
				IPHONEOS_DEPLOYMENT_TARGET = 13.2;
				MTL_ENABLE_DEBUG_INFO = INCLUDE_SOURCE;
				MTL_FAST_MATH = YES;
				ONLY_ACTIVE_ARCH = YES;
				SDKROOT = iphoneos;
				SWIFT_ACTIVE_COMPILATION_CONDITIONS = DEBUG;
				SWIFT_OPTIMIZATION_LEVEL = "-Onone";
			};
			name = Debug;
		};
		FD7E325724577B160006BFCA /* Release */ = {
			isa = XCBuildConfiguration;
			buildSettings = {
				ALWAYS_SEARCH_USER_PATHS = NO;
				CLANG_ANALYZER_NONNULL = YES;
				CLANG_ANALYZER_NUMBER_OBJECT_CONVERSION = YES_AGGRESSIVE;
				CLANG_CXX_LANGUAGE_STANDARD = "gnu++14";
				CLANG_CXX_LIBRARY = "libc++";
				CLANG_ENABLE_MODULES = YES;
				CLANG_ENABLE_OBJC_ARC = YES;
				CLANG_ENABLE_OBJC_WEAK = YES;
				CLANG_WARN_BLOCK_CAPTURE_AUTORELEASING = YES;
				CLANG_WARN_BOOL_CONVERSION = YES;
				CLANG_WARN_COMMA = YES;
				CLANG_WARN_CONSTANT_CONVERSION = YES;
				CLANG_WARN_DEPRECATED_OBJC_IMPLEMENTATIONS = YES;
				CLANG_WARN_DIRECT_OBJC_ISA_USAGE = YES_ERROR;
				CLANG_WARN_DOCUMENTATION_COMMENTS = YES;
				CLANG_WARN_EMPTY_BODY = YES;
				CLANG_WARN_ENUM_CONVERSION = YES;
				CLANG_WARN_INFINITE_RECURSION = YES;
				CLANG_WARN_INT_CONVERSION = YES;
				CLANG_WARN_NON_LITERAL_NULL_CONVERSION = YES;
				CLANG_WARN_OBJC_IMPLICIT_RETAIN_SELF = YES;
				CLANG_WARN_OBJC_LITERAL_CONVERSION = YES;
				CLANG_WARN_OBJC_ROOT_CLASS = YES_ERROR;
				CLANG_WARN_RANGE_LOOP_ANALYSIS = YES;
				CLANG_WARN_STRICT_PROTOTYPES = YES;
				CLANG_WARN_SUSPICIOUS_MOVE = YES;
				CLANG_WARN_UNGUARDED_AVAILABILITY = YES_AGGRESSIVE;
				CLANG_WARN_UNREACHABLE_CODE = YES;
				CLANG_WARN__DUPLICATE_METHOD_MATCH = YES;
				COPY_PHASE_STRIP = NO;
				DEBUG_INFORMATION_FORMAT = "dwarf-with-dsym";
				ENABLE_NS_ASSERTIONS = NO;
				ENABLE_STRICT_OBJC_MSGSEND = YES;
				GCC_C_LANGUAGE_STANDARD = gnu11;
				GCC_NO_COMMON_BLOCKS = YES;
				GCC_WARN_64_TO_32_BIT_CONVERSION = YES;
				GCC_WARN_ABOUT_RETURN_TYPE = YES_ERROR;
				GCC_WARN_UNDECLARED_SELECTOR = YES;
				GCC_WARN_UNINITIALIZED_AUTOS = YES_AGGRESSIVE;
				GCC_WARN_UNUSED_FUNCTION = YES;
				GCC_WARN_UNUSED_VARIABLE = YES;
				IPHONEOS_DEPLOYMENT_TARGET = 13.2;
				MTL_ENABLE_DEBUG_INFO = NO;
				MTL_FAST_MATH = YES;
				SDKROOT = iphoneos;
				SWIFT_COMPILATION_MODE = wholemodule;
				SWIFT_OPTIMIZATION_LEVEL = "-O";
				VALIDATE_PRODUCT = YES;
			};
			name = Release;
		};
		FD7E325924577B160006BFCA /* Debug */ = {
			isa = XCBuildConfiguration;
			buildSettings = {
				ASSETCATALOG_COMPILER_APPICON_NAME = AppIcon;
				CODE_SIGN_STYLE = Automatic;
				DEVELOPMENT_TEAM = 92NKZ7998L;
				IBSC_FLATTEN_NIBS = NO;
				INFOPLIST_FILE = RxSwiftCoordinator/Info.plist;
				LD_RUNPATH_SEARCH_PATHS = (
					"$(inherited)",
					"@executable_path/Frameworks",
				);
				PRODUCT_BUNDLE_IDENTIFIER = AnatatolyRyavkin.RxSwiftCoordinator;
				PRODUCT_NAME = "$(TARGET_NAME)";
				SWIFT_VERSION = 5.0;
				TARGETED_DEVICE_FAMILY = "1,2";
			};
			name = Debug;
		};
		FD7E325A24577B160006BFCA /* Release */ = {
			isa = XCBuildConfiguration;
			buildSettings = {
				ASSETCATALOG_COMPILER_APPICON_NAME = AppIcon;
				CODE_SIGN_STYLE = Automatic;
				DEVELOPMENT_TEAM = 92NKZ7998L;
				IBSC_FLATTEN_NIBS = NO;
				INFOPLIST_FILE = RxSwiftCoordinator/Info.plist;
				LD_RUNPATH_SEARCH_PATHS = (
					"$(inherited)",
					"@executable_path/Frameworks",
				);
				PRODUCT_BUNDLE_IDENTIFIER = AnatatolyRyavkin.RxSwiftCoordinator;
				PRODUCT_NAME = "$(TARGET_NAME)";
				SWIFT_VERSION = 5.0;
				TARGETED_DEVICE_FAMILY = "1,2";
			};
			name = Release;
		};
/* End XCBuildConfiguration section */

/* Begin XCConfigurationList section */
		FD7E323F24577AFA0006BFCA /* Build configuration list for PBXProject "RxSwiftCoordinator" */ = {
			isa = XCConfigurationList;
			buildConfigurations = (
				FD7E325624577B160006BFCA /* Debug */,
				FD7E325724577B160006BFCA /* Release */,
			);
			defaultConfigurationIsVisible = 0;
			defaultConfigurationName = Release;
		};
		FD7E325824577B160006BFCA /* Build configuration list for PBXNativeTarget "RxSwiftCoordinator" */ = {
			isa = XCConfigurationList;
			buildConfigurations = (
				FD7E325924577B160006BFCA /* Debug */,
				FD7E325A24577B160006BFCA /* Release */,
			);
			defaultConfigurationIsVisible = 0;
			defaultConfigurationName = Release;
		};
/* End XCConfigurationList section */

/* Begin XCRemoteSwiftPackageReference section */
		FD4EBB30245C71AD001B3A96 /* XCRemoteSwiftPackageReference "RxDataSources" */ = {
			isa = XCRemoteSwiftPackageReference;
			repositoryURL = "https://github.com/RxSwiftCommunity/RxDataSources.git";
			requirement = {
				kind = upToNextMajorVersion;
				minimumVersion = 4.0.1;
			};
		};
		FD7E325D24577E660006BFCA /* XCRemoteSwiftPackageReference "RxSwift" */ = {
			isa = XCRemoteSwiftPackageReference;
			repositoryURL = "https://github.com/ReactiveX/RxSwift.git";
			requirement = {
				kind = upToNextMajorVersion;
				minimumVersion = 5.1.1;
			};
		};
/* End XCRemoteSwiftPackageReference section */

/* Begin XCSwiftPackageProductDependency section */
		FD4EBB31245C71AD001B3A96 /* RxDataSources */ = {
			isa = XCSwiftPackageProductDependency;
			package = FD4EBB30245C71AD001B3A96 /* XCRemoteSwiftPackageReference "RxDataSources" */;
			productName = RxDataSources;
		};
		FD7E325E24577E660006BFCA /* RxSwift */ = {
			isa = XCSwiftPackageProductDependency;
			package = FD7E325D24577E660006BFCA /* XCRemoteSwiftPackageReference "RxSwift" */;
			productName = RxSwift;
		};
		FD7E326224577E660006BFCA /* RxRelay */ = {
			isa = XCSwiftPackageProductDependency;
			package = FD7E325D24577E660006BFCA /* XCRemoteSwiftPackageReference "RxSwift" */;
			productName = RxRelay;
		};
		FD7E326424577E660006BFCA /* RxCocoa */ = {
			isa = XCSwiftPackageProductDependency;
			package = FD7E325D24577E660006BFCA /* XCRemoteSwiftPackageReference "RxSwift" */;
			productName = RxCocoa;
		};
		FD7E326624577E660006BFCA /* RxBlocking */ = {
			isa = XCSwiftPackageProductDependency;
			package = FD7E325D24577E660006BFCA /* XCRemoteSwiftPackageReference "RxSwift" */;
			productName = RxBlocking;
		};
/* End XCSwiftPackageProductDependency section */
	};
	rootObject = FD7E323C24577AFA0006BFCA /* Project object */;
}
